
Microsoft Visual Studio Solution File, Format Version 12.00
# Visual Studio Version 16
VisualStudioVersion = 16.0.30621.155
MinimumVisualStudioVersion = 10.0.40219.1
Project("{FAE04EC0-301F-11D3-BF4B-00C04F79EFBC}") = "RxTemplates", "RxTemplates.csproj", "{66AD0946-5ED2-4CE6-843F-DD16930C790B}"
EndProject
Global
	GlobalSection(SolutionConfigurationPlatforms) = preSolution
		Debug|Any CPU = Debug|Any CPU
		Release|Any CPU = Release|Any CPU
	EndGlobalSection
	GlobalSection(ProjectConfigurationPlatforms) = postSolution
		{66AD0946-5ED2-4CE6-843F-DD16930C790B}.Debug|Any CPU.ActiveCfg = Debug|Any CPU
		{66AD0946-5ED2-4CE6-843F-DD16930C790B}.Debug|Any CPU.Build.0 = Debug|Any CPU
		{66AD0946-5ED2-4CE6-843F-DD16930C790B}.Release|Any CPU.ActiveCfg = Release|Any CPU
		{66AD0946-5ED2-4CE6-843F-DD16930C790B}.Release|Any CPU.Build.0 = Release|Any CPU
	EndGlobalSection
	GlobalSection(SolutionProperties) = preSolution
		HideSolutionNode = FALSE
	EndGlobalSection
	GlobalSection(ExtensibilityGlobals) = postSolution
		SolutionGuid = {897CDA86-391A-4E7C-AFF5-7EA65ADEE8D2}
	EndGlobalSection
EndGlobal
